
Microsoft Visual Studio Solution File, Format Version 12.00
# Visual Studio Version 17
VisualStudioVersion = 17.0.31903.59
MinimumVisualStudioVersion = 10.0.40219.1
Project("{FAE04EC0-301F-11D3-BF4B-00C04F79EFBC}") = "SyntaxEditor", "SyntaxEditor\SyntaxEditor.csproj", "{8166D680-4682-4330-914B-02C2CA1BE632}"
EndProject
Global
	GlobalSection(SolutionConfigurationPlatforms) = preSolution
		Debug|Any CPU = Debug|Any CPU
		Release|Any CPU = Release|Any CPU
	EndGlobalSection
	GlobalSection(ProjectConfigurationPlatforms) = postSolution
		{8166D680-4682-4330-914B-02C2CA1BE632}.Debug|Any CPU.ActiveCfg = Debug|Any CPU
		{8166D680-4682-4330-914B-02C2CA1BE632}.Debug|Any CPU.Build.0 = Debug|Any CPU
		{8166D680-4682-4330-914B-02C2CA1BE632}.Release|Any CPU.ActiveCfg = Release|Any CPU
		{8166D680-4682-4330-914B-02C2CA1BE632}.Release|Any CPU.Build.0 = Release|Any CPU
	EndGlobalSection
	GlobalSection(SolutionProperties) = preSolution
		HideSolutionNode = FALSE
	EndGlobalSection
	GlobalSection(ExtensibilityGlobals) = postSolution
		SolutionGuid = {E6C8EF57-3358-4481-A00E-35C0BA9D8333}
	EndGlobalSection
EndGlobal
